
Microsoft Visual Studio Solution File, Format Version 12.00
# Visual Studio Version 16
VisualStudioVersion = 16.0.31410.357
MinimumVisualStudioVersion = 10.0.40219.1
Project("{FAE04EC0-301F-11D3-BF4B-00C04F79EFBC}") = "COM3D2.CameraUtility2", "COM3D2.CameraUtility2.csproj", "{098B8677-FBE8-4D0C-9483-2D5DBE022732}"
EndProject
Global
	GlobalSection(SolutionConfigurationPlatforms) = preSolution
		Debug|Any CPU = Debug|Any CPU
		Release|Any CPU = Release|Any CPU
	EndGlobalSection
	GlobalSection(ProjectConfigurationPlatforms) = postSolution
		{098B8677-FBE8-4D0C-9483-2D5DBE022732}.Debug|Any CPU.ActiveCfg = Debug|Any CPU
		{098B8677-FBE8-4D0C-9483-2D5DBE022732}.Debug|Any CPU.Build.0 = Debug|Any CPU
		{098B8677-FBE8-4D0C-9483-2D5DBE022732}.Release|Any CPU.ActiveCfg = Release|Any CPU
		{098B8677-FBE8-4D0C-9483-2D5DBE022732}.Release|Any CPU.Build.0 = Release|Any CPU
	EndGlobalSection
	GlobalSection(SolutionProperties) = preSolution
		HideSolutionNode = FALSE
	EndGlobalSection
	GlobalSection(ExtensibilityGlobals) = postSolution
		SolutionGuid = {65E9CD9D-1BCB-415B-94D3-720F4FFCA5F9}
	EndGlobalSection
EndGlobal
